Microsoft Visual Studio Solution File, Format Version 12.00
# Visual Studio Version 17
VisualStudioVersion = 17.5.2.0
MinimumVisualStudioVersion = 10.0.40219.1
Project("{FAE04EC0-301F-11D3-BF4B-00C04F79EFBC}") = "XmlLabelImporter", "XmlLabelImporter\XmlLabelImporter.csproj", "{34EB5F9A-0E94-9A0E-AE67-A21A7BC2FCD3}"
EndProject
Project("{FAE04EC0-301F-11D3-BF4B-00C04F79EFBC}") = "XmlLabelImporterTest", "XmlLabelImporterTest\XmlLabelImporterTest.csproj", "{719B4ED4-2798-4AFC-AB00-1956FEC5A5F3}"
EndProject
Global
	GlobalSection(SolutionConfigurationPlatforms) = preSolution
		Debug|Any CPU = Debug|Any CPU
		Debug|x64 = Debug|x64
		Debug|x86 = Debug|x86
		Release|Any CPU = Release|Any CPU
		Release|x64 = Release|x64
		Release|x86 = Release|x86
	EndGlobalSection
	GlobalSection(ProjectConfigurationPlatforms) = postSolution
		{34EB5F9A-0E94-9A0E-AE67-A21A7BC2FCD3}.Debug|Any CPU.ActiveCfg = Debug|Any CPU
		{34EB5F9A-0E94-9A0E-AE67-A21A7BC2FCD3}.Debug|Any CPU.Build.0 = Debug|Any CPU
		{34EB5F9A-0E94-9A0E-AE67-A21A7BC2FCD3}.Debug|x64.ActiveCfg = Debug|Any CPU
		{34EB5F9A-0E94-9A0E-AE67-A21A7BC2FCD3}.Debug|x64.Build.0 = Debug|Any CPU
		{34EB5F9A-0E94-9A0E-AE67-A21A7BC2FCD3}.Debug|x86.ActiveCfg = Debug|Any CPU
		{34EB5F9A-0E94-9A0E-AE67-A21A7BC2FCD3}.Debug|x86.Build.0 = Debug|Any CPU
		{34EB5F9A-0E94-9A0E-AE67-A21A7BC2FCD3}.Release|Any CPU.ActiveCfg = Release|Any CPU
		{34EB5F9A-0E94-9A0E-AE67-A21A7BC2FCD3}.Release|Any CPU.Build.0 = Release|Any CPU
		{34EB5F9A-0E94-9A0E-AE67-A21A7BC2FCD3}.Release|x64.ActiveCfg = Release|Any CPU
		{34EB5F9A-0E94-9A0E-AE67-A21A7BC2FCD3}.Release|x64.Build.0 = Release|Any CPU
		{34EB5F9A-0E94-9A0E-AE67-A21A7BC2FCD3}.Release|x86.ActiveCfg = Release|Any CPU
		{34EB5F9A-0E94-9A0E-AE67-A21A7BC2FCD3}.Release|x86.Build.0 = Release|Any CPU
		{719B4ED4-2798-4AFC-AB00-1956FEC5A5F3}.Debug|Any CPU.ActiveCfg = Debug|Any CPU
		{719B4ED4-2798-4AFC-AB00-1956FEC5A5F3}.Debug|Any CPU.Build.0 = Debug|Any CPU
		{719B4ED4-2798-4AFC-AB00-1956FEC5A5F3}.Debug|x64.ActiveCfg = Debug|Any CPU
		{719B4ED4-2798-4AFC-AB00-1956FEC5A5F3}.Debug|x64.Build.0 = Debug|Any CPU
		{719B4ED4-2798-4AFC-AB00-1956FEC5A5F3}.Debug|x86.ActiveCfg = Debug|Any CPU
		{719B4ED4-2798-4AFC-AB00-1956FEC5A5F3}.Debug|x86.Build.0 = Debug|Any CPU
		{719B4ED4-2798-4AFC-AB00-1956FEC5A5F3}.Release|Any CPU.ActiveCfg = Release|Any CPU
		{719B4ED4-2798-4AFC-AB00-1956FEC5A5F3}.Release|Any CPU.Build.0 = Release|Any CPU
		{719B4ED4-2798-4AFC-AB00-1956FEC5A5F3}.Release|x64.ActiveCfg = Release|Any CPU
		{719B4ED4-2798-4AFC-AB00-1956FEC5A5F3}.Release|x64.Build.0 = Release|Any CPU
		{719B4ED4-2798-4AFC-AB00-1956FEC5A5F3}.Release|x86.ActiveCfg = Release|Any CPU
		{719B4ED4-2798-4AFC-AB00-1956FEC5A5F3}.Release|x86.Build.0 = Release|Any CPU
	EndGlobalSection
	GlobalSection(SolutionProperties) = preSolution
		HideSolutionNode = FALSE
	EndGlobalSection
	GlobalSection(ExtensibilityGlobals) = postSolution
		SolutionGuid = {A94D2D1E-4474-40D2-9D08-BE7B4E504868}
	EndGlobalSection
EndGlobal